// !$*UTF8*$!
{
	archiveVersion = 1;
	classes = {
	};
	objectVersion = 54;
	objects = {

/* Begin PBXBuildFile section */
		1A42C28D1C0E3882000F2137 /* AppDelegate.swift in Sources */ = {isa = PBXBuildFile; fileRef = 1A42C28C1C0E3882000F2137 /* AppDelegate.swift */; };
		1A42C28F1C0E3882000F2137 /* ViewController.swift in Sources */ = {isa = PBXBuildFile; fileRef = 1A42C28E1C0E3882000F2137 /* ViewController.swift */; };
		1A42C2921C0E3883000F2137 /* Main.storyboard in Resources */ = {isa = PBXBuildFile; fileRef = 1A42C2901C0E3883000F2137 /* Main.storyboard */; };
		1A42C2A21C0E3A8D000F2137 /* LaunchScreen.storyboard in Resources */ = {isa = PBXBuildFile; fileRef = 1A42C2A01C0E3A8D000F2137 /* LaunchScreen.storyboard */; };
		3AAA8BA01E9BB94B00A47E5A /* Assets.xcassets in Resources */ = {isa = PBXBuildFile; fileRef = 3AAA8B9C1E9BB94B00A47E5A /* Assets.xcassets */; };
		751F8CF61ECD20110050A2CF /* Epub.swift in Sources */ = {isa = PBXBuildFile; fileRef = 751F8CF51ECD20110050A2CF /* Epub.swift */; };
		8A5325642C296CD0008E1F66 /* FolioReaderKit in Frameworks */ = {isa = PBXBuildFile; productRef = 8A5325632C296CD0008E1F66 /* FolioReaderKit */; };
		8A5325682C2975EC008E1F66 /* prayerbookSimpl.epub in Resources */ = {isa = PBXBuildFile; fileRef = 8A5325672C2975EC008E1F66 /* prayerbookSimpl.epub */; };
/* End PBXBuildFile section */

/* Begin PBXFileReference section */
		1A42C28C1C0E3882000F2137 /* AppDelegate.swift */ = {isa = PBXFileReference; lastKnownFileType = sourcecode.swift; path = AppDelegate.swift; sourceTree = "<group>"; };
		1A42C28E1C0E3882000F2137 /* ViewController.swift */ = {isa = PBXFileReference; lastKnownFileType = sourcecode.swift; path = ViewController.swift; sourceTree = "<group>"; };
		1A42C2911C0E3883000F2137 /* Base */ = {isa = PBXFileReference; lastKnownFileType = file.storyboard; name = Base; path = Base.lproj/Main.storyboard; sourceTree = "<group>"; };
		1A42C2981C0E3883000F2137 /* Info.plist */ = {isa = PBXFileReference; lastKnownFileType = text.plist.xml; path = Info.plist; sourceTree = "<group>"; };
		1A42C2A11C0E3A8D000F2137 /* Base */ = {isa = PBXFileReference; lastKnownFileType = file.storyboard; name = Base; path = Base.lproj/LaunchScreen.storyboard; sourceTree = "<group>"; };
		3AAA8B9C1E9BB94B00A47E5A /* Assets.xcassets */ = {isa = PBXFileReference; lastKnownFileType = folder.assetcatalog; path = Assets.xcassets; sourceTree = "<group>"; };
		751F8CF51ECD20110050A2CF /* Epub.swift */ = {isa = PBXFileReference; fileEncoding = 4; lastKnownFileType = sourcecode.swift; path = Epub.swift; sourceTree = "<group>"; };
		8A5325672C2975EC008E1F66 /* prayerbookSimpl.epub */ = {isa = PBXFileReference; lastKnownFileType = file; path = prayerbookSimpl.epub; sourceTree = SOURCE_ROOT; };
		8ABB70652C29645100C9080E /* Example.app */ = {isa = PBXFileReference; explicitFileType = wrapper.application; includeInIndex = 0; path = Example.app; sourceTree = BUILT_PRODUCTS_DIR; };
/* End PBXFileReference section */

/* Begin PBXFrameworksBuildPhase section */
		1A42C2861C0E3882000F2137 /* Frameworks */ = {
			isa = PBXFrameworksBuildPhase;
			buildActionMask = 2147483647;
			files = (
				8A5325642C296CD0008E1F66 /* FolioReaderKit in Frameworks */,
			);
			runOnlyForDeploymentPostprocessing = 0;
		};
/* End PBXFrameworksBuildPhase section */

/* Begin PBXGroup section */
		1A42C2801C0E3882000F2137 = {
			isa = PBXGroup;
			children = (
				3AAA8B9B1E9BB94B00A47E5A /* Shared */,
				1A42C28B1C0E3882000F2137 /* Example */,
				8ABB70652C29645100C9080E /* Example.app */,
				8AEEF1D22C2A642800DAD9F4 /* Frameworks */,
			);
			sourceTree = "<group>";
		};
		1A42C28B1C0E3882000F2137 /* Example */ = {
			isa = PBXGroup;
			children = (
				8A5325672C2975EC008E1F66 /* prayerbookSimpl.epub */,
				1A42C28C1C0E3882000F2137 /* AppDelegate.swift */,
				1A42C28E1C0E3882000F2137 /* ViewController.swift */,
				1A42C2901C0E3883000F2137 /* Main.storyboard */,
				1A42C2981C0E3883000F2137 /* Info.plist */,
				1A42C2A01C0E3A8D000F2137 /* LaunchScreen.storyboard */,
				3AAA8B9C1E9BB94B00A47E5A /* Assets.xcassets */,
			);
			path = Example;
			sourceTree = "<group>";
		};
		3AAA8B9B1E9BB94B00A47E5A /* Shared */ = {
			isa = PBXGroup;
			children = (
				751F8CF51ECD20110050A2CF /* Epub.swift */,
			);
			path = Shared;
			sourceTree = "<group>";
		};
		8AEEF1D22C2A642800DAD9F4 /* Frameworks */ = {
			isa = PBXGroup;
			children = (
			);
			name = Frameworks;
			sourceTree = "<group>";
		};
/* End PBXGroup section */

/* Begin PBXNativeTarget section */
		1A42C2881C0E3882000F2137 /* Example */ = {
			isa = PBXNativeTarget;
			buildConfigurationList = 1A42C29B1C0E3883000F2137 /* Build configuration list for PBXNativeTarget "Example" */;
			buildPhases = (
				1A42C2851C0E3882000F2137 /* Sources */,
				1A42C2861C0E3882000F2137 /* Frameworks */,
				1A42C2871C0E3882000F2137 /* Resources */,
			);
			buildRules = (
			);
			dependencies = (
			);
			name = Example;
			packageProductDependencies = (
				8A5325632C296CD0008E1F66 /* FolioReaderKit */,
			);
			productName = Example;
			productReference = 8ABB70652C29645100C9080E /* Example.app */;
			productType = "com.apple.product-type.application";
		};
/* End PBXNativeTarget section */

/* Begin PBXProject section */
		1A42C2811C0E3882000F2137 /* Project object */ = {
			isa = PBXProject;
			attributes = {
				LastSwiftUpdateCheck = 0730;
				LastUpgradeCheck = 1010;
				ORGANIZATIONNAME = FolioReader;
				TargetAttributes = {
					1A42C2881C0E3882000F2137 = {
						CreatedOnToolsVersion = 7.1.1;
						LastSwiftMigration = "";
						ProvisioningStyle = Automatic;
						SystemCapabilities = {
							com.apple.BackgroundModes = {
								enabled = 1;
							};
						};
					};
				};
			};
			buildConfigurationList = 1A42C2841C0E3882000F2137 /* Build configuration list for PBXProject "Example" */;
			compatibilityVersion = "Xcode 3.2";
			developmentRegion = English;
			hasScannedForEncodings = 0;
			knownRegions = (
				English,
				en,
				Base,
			);
			mainGroup = 1A42C2801C0E3882000F2137;
			packageReferences = (
				8A5325622C296CD0008E1F66 /* XCRemoteSwiftPackageReference "FolioReaderKit-old" */,
			);
			productRefGroup = 1A42C2801C0E3882000F2137;
			projectDirPath = "";
			projectRoot = "";
			targets = (
				1A42C2881C0E3882000F2137 /* Example */,
			);
		};
/* End PBXProject section */

/* Begin PBXResourcesBuildPhase section */
		1A42C2871C0E3882000F2137 /* Resources */ = {
			isa = PBXResourcesBuildPhase;
			buildActionMask = 2147483647;
			files = (
				1A42C2A21C0E3A8D000F2137 /* LaunchScreen.storyboard in Resources */,
				8A5325682C2975EC008E1F66 /* prayerbookSimpl.epub in Resources */,
				3AAA8BA01E9BB94B00A47E5A /* Assets.xcassets in Resources */,
				1A42C2921C0E3883000F2137 /* Main.storyboard in Resources */,
			);
			runOnlyForDeploymentPostprocessing = 0;
		};
/* End PBXResourcesBuildPhase section */

/* Begin PBXSourcesBuildPhase section */
		1A42C2851C0E3882000F2137 /* Sources */ = {
			isa = PBXSourcesBuildPhase;
			buildActionMask = 2147483647;
			files = (
				751F8CF61ECD20110050A2CF /* Epub.swift in Sources */,
				1A42C28F1C0E3882000F2137 /* ViewController.swift in Sources */,
				1A42C28D1C0E3882000F2137 /* AppDelegate.swift in Sources */,
			);
			runOnlyForDeploymentPostprocessing = 0;
		};
/* End PBXSourcesBuildPhase section */

/* Begin PBXVariantGroup section */
		1A42C2901C0E3883000F2137 /* Main.storyboard */ = {
			isa = PBXVariantGroup;
			children = (
				1A42C2911C0E3883000F2137 /* Base */,
			);
			name = Main.storyboard;
			sourceTree = "<group>";
		};
		1A42C2A01C0E3A8D000F2137 /* LaunchScreen.storyboard */ = {
			isa = PBXVariantGroup;
			children = (
				1A42C2A11C0E3A8D000F2137 /* Base */,
			);
			name = LaunchScreen.storyboard;
			sourceTree = "<group>";
		};
/* End PBXVariantGroup section */

/* Begin XCBuildConfiguration section */
		1A42C2991C0E3883000F2137 /* Debug */ = {
			isa = XCBuildConfiguration;
			buildSettings = {
				ALWAYS_SEARCH_USER_PATHS = NO;
				CLANG_CXX_LANGUAGE_STANDARD = "gnu++0x";
				CLANG_CXX_LIBRARY = "libc++";
				CLANG_ENABLE_MODULES = YES;
				CLANG_ENABLE_OBJC_ARC = YES;
				CLANG_WARN_BLOCK_CAPTURE_AUTORELEASING = YES;
				CLANG_WARN_BOOL_CONVERSION = YES;
				CLANG_WARN_COMMA = YES;
				CLANG_WARN_CONSTANT_CONVERSION = YES;
				CLANG_WARN_DEPRECATED_OBJC_IMPLEMENTATIONS = YES;
				CLANG_WARN_DIRECT_OBJC_ISA_USAGE = YES_ERROR;
				CLANG_WARN_EMPTY_BODY = YES;
				CLANG_WARN_ENUM_CONVERSION = YES;
				CLANG_WARN_INFINITE_RECURSION = YES;
				CLANG_WARN_INT_CONVERSION = YES;
				CLANG_WARN_NON_LITERAL_NULL_CONVERSION = YES;
				CLANG_WARN_OBJC_IMPLICIT_RETAIN_SELF = YES;
				CLANG_WARN_OBJC_LITERAL_CONVERSION = YES;
				CLANG_WARN_OBJC_ROOT_CLASS = YES_ERROR;
				CLANG_WARN_RANGE_LOOP_ANALYSIS = YES;
				CLANG_WARN_STRICT_PROTOTYPES = YES;
				CLANG_WARN_SUSPICIOUS_MOVE = YES;
				CLANG_WARN_UNREACHABLE_CODE = YES;
				CLANG_WARN__DUPLICATE_METHOD_MATCH = YES;
				"CODE_SIGN_IDENTITY[sdk=iphoneos*]" = "iPhone Developer";
				COPY_PHASE_STRIP = NO;
				DEBUG_INFORMATION_FORMAT = dwarf;
				ENABLE_STRICT_OBJC_MSGSEND = YES;
				ENABLE_TESTABILITY = YES;
				GCC_C_LANGUAGE_STANDARD = gnu99;
				GCC_DYNAMIC_NO_PIC = NO;
				GCC_NO_COMMON_BLOCKS = YES;
				GCC_OPTIMIZATION_LEVEL = 0;
				GCC_PREPROCESSOR_DEFINITIONS = (
					"DEBUG=1",
					"$(inherited)",
				);
				GCC_WARN_64_TO_32_BIT_CONVERSION = YES;
				GCC_WARN_ABOUT_RETURN_TYPE = YES_ERROR;
				GCC_WARN_UNDECLARED_SELECTOR = YES;
				GCC_WARN_UNINITIALIZED_AUTOS = YES_AGGRESSIVE;
				GCC_WARN_UNUSED_FUNCTION = YES;
				GCC_WARN_UNUSED_VARIABLE = YES;
				IPHONEOS_DEPLOYMENT_TARGET = 11.4;
				MTL_ENABLE_DEBUG_INFO = YES;
				ONLY_ACTIVE_ARCH = YES;
				SDKROOT = iphoneos;
				SWIFT_OPTIMIZATION_LEVEL = "-Onone";
				SWIFT_VERSION = 4.2;
				TARGETED_DEVICE_FAMILY = "1,2";
			};
			name = Debug;
		};
		1A42C29A1C0E3883000F2137 /* Release */ = {
			isa = XCBuildConfiguration;
			buildSettings = {
				ALWAYS_SEARCH_USER_PATHS = NO;
				CLANG_CXX_LANGUAGE_STANDARD = "gnu++0x";
				CLANG_CXX_LIBRARY = "libc++";
				CLANG_ENABLE_MODULES = YES;
				CLANG_ENABLE_OBJC_ARC = YES;
				CLANG_WARN_BLOCK_CAPTURE_AUTORELEASING = YES;
				CLANG_WARN_BOOL_CONVERSION = YES;
				CLANG_WARN_COMMA = YES;
				CLANG_WARN_CONSTANT_CONVERSION = YES;
				CLANG_WARN_DEPRECATED_OBJC_IMPLEMENTATIONS = YES;
				CLANG_WARN_DIRECT_OBJC_ISA_USAGE = YES_ERROR;
				CLANG_WARN_EMPTY_BODY = YES;
				CLANG_WARN_ENUM_CONVERSION = YES;
				CLANG_WARN_INFINITE_RECURSION = YES;
				CLANG_WARN_INT_CONVERSION = YES;
				CLANG_WARN_NON_LITERAL_NULL_CONVERSION = YES;
				CLANG_WARN_OBJC_IMPLICIT_RETAIN_SELF = YES;
				CLANG_WARN_OBJC_LITERAL_CONVERSION = YES;
				CLANG_WARN_OBJC_ROOT_CLASS = YES_ERROR;
				CLANG_WARN_RANGE_LOOP_ANALYSIS = YES;
				CLANG_WARN_STRICT_PROTOTYPES = YES;
				CLANG_WARN_SUSPICIOUS_MOVE = YES;
				CLANG_WARN_UNREACHABLE_CODE = YES;
				CLANG_WARN__DUPLICATE_METHOD_MATCH = YES;
				"CODE_SIGN_IDENTITY[sdk=iphoneos*]" = "iPhone Developer";
				COPY_PHASE_STRIP = NO;
				DEBUG_INFORMATION_FORMAT = "dwarf-with-dsym";
				ENABLE_NS_ASSERTIONS = NO;
				ENABLE_STRICT_OBJC_MSGSEND = YES;
				GCC_C_LANGUAGE_STANDARD = gnu99;
				GCC_NO_COMMON_BLOCKS = YES;
				GCC_WARN_64_TO_32_BIT_CONVERSION = YES;
				GCC_WARN_ABOUT_RETURN_TYPE = YES_ERROR;
				GCC_WARN_UNDECLARED_SELECTOR = YES;
				GCC_WARN_UNINITIALIZED_AUTOS = YES_AGGRESSIVE;
				GCC_WARN_UNUSED_FUNCTION = YES;
				GCC_WARN_UNUSED_VARIABLE = YES;
				IPHONEOS_DEPLOYMENT_TARGET = 11.4;
				MTL_ENABLE_DEBUG_INFO = NO;
				SDKROOT = iphoneos;
				SWIFT_COMPILATION_MODE = wholemodule;
				SWIFT_OPTIMIZATION_LEVEL = "-O";
				SWIFT_VERSION = 4.2;
				TARGETED_DEVICE_FAMILY = "1,2";
				VALIDATE_PRODUCT = YES;
			};
			name = Release;
		};
		1A42C29C1C0E3883000F2137 /* Debug */ = {
			isa = XCBuildConfiguration;
			buildSettings = {
				ASSETCATALOG_COMPILER_APPICON_NAME = AppIcon;
				"CODE_SIGN_IDENTITY[sdk=iphoneos*]" = "iPhone Developer";
				DEVELOPMENT_TEAM = 3NQ697ND22;
				INFOPLIST_FILE = Example/Info.plist;
				IPHONEOS_DEPLOYMENT_TARGET = 15.0;
				LD_RUNPATH_SEARCH_PATHS = (
					"$(inherited)",
					"@executable_path/Frameworks",
				);
				PRODUCT_BUNDLE_IDENTIFIER = com.folioreader.Example;
				PRODUCT_NAME = "$(TARGET_NAME)";
				PROVISIONING_PROFILE = "";
				PROVISIONING_PROFILE_SPECIFIER = "";
				SWIFT_VERSION = 4.2;
			};
			name = Debug;
		};
		1A42C29D1C0E3883000F2137 /* Release */ = {
			isa = XCBuildConfiguration;
			buildSettings = {
				ASSETCATALOG_COMPILER_APPICON_NAME = AppIcon;
				"CODE_SIGN_IDENTITY[sdk=iphoneos*]" = "iPhone Developer";
				DEVELOPMENT_TEAM = 3NQ697ND22;
				INFOPLIST_FILE = Example/Info.plist;
				IPHONEOS_DEPLOYMENT_TARGET = 15.0;
				LD_RUNPATH_SEARCH_PATHS = (
					"$(inherited)",
					"@executable_path/Frameworks",
				);
				PRODUCT_BUNDLE_IDENTIFIER = com.folioreader.Example;
				PRODUCT_NAME = "$(TARGET_NAME)";
				PROVISIONING_PROFILE = "";
				PROVISIONING_PROFILE_SPECIFIER = "";
				SWIFT_VERSION = 4.2;
			};
			name = Release;
		};
/* End XCBuildConfiguration section */

/* Begin XCConfigurationList section */
		1A42C2841C0E3882000F2137 /* Build configuration list for PBXProject "Example" */ = {
			isa = XCConfigurationList;
			buildConfigurations = (
				1A42C2991C0E3883000F2137 /* Debug */,
				1A42C29A1C0E3883000F2137 /* Release */,
			);
			defaultConfigurationIsVisible = 0;
			defaultConfigurationName = Release;
		};
		1A42C29B1C0E3883000F2137 /* Build configuration list for PBXNativeTarget "Example" */ = {
			isa = XCConfigurationList;
			buildConfigurations = (
				1A42C29C1C0E3883000F2137 /* Debug */,
				1A42C29D1C0E3883000F2137 /* Release */,
			);
			defaultConfigurationIsVisible = 0;
			defaultConfigurationName = Release;
		};
/* End XCConfigurationList section */

/* Begin XCRemoteSwiftPackageReference section */
		8A5325622C296CD0008E1F66 /* XCRemoteSwiftPackageReference "FolioReaderKit-old" */ = {
			isa = XCRemoteSwiftPackageReference;
			repositoryURL = "https://github.com/alexeyismirnov/FolioReaderKit-old.git";
			requirement = {
				branch = master;
				kind = branch;
			};
		};
/* End XCRemoteSwiftPackageReference section */

/* Begin XCSwiftPackageProductDependency section */
		8A5325632C296CD0008E1F66 /* FolioReaderKit */ = {
			isa = XCSwiftPackageProductDependency;
			package = 8A5325622C296CD0008E1F66 /* XCRemoteSwiftPackageReference "FolioReaderKit-old" */;
			productName = FolioReaderKit;
		};
/* End XCSwiftPackageProductDependency section */
	};
	rootObject = 1A42C2811C0E3882000F2137 /* Project object */;
}
